{
  "name": "flower-catalog",
  "version": "1.0.0",
  "lockfileVersion": 2,
  "requires": true,
  "packages": {
    "": {
      "name": "flower-catalog",
      "version": "1.0.0",
      "license": "ISC",
      "dependencies": {
        "myserver": "github:sanjanadmd/myServer"
      }
    },
    "node_modules/myserver": {
      "version": "1.0.0",
      "resolved": "git+ssh://git@github.com/sanjanadmd/myServer.git#5af53e1249ba605d96006595b9c2c19ea072631c",
      "license": "ISC"
    }
  },
  "dependencies": {
    "myserver": {
      "version": "git+ssh://git@github.com/sanjanadmd/myServer.git#5af53e1249ba605d96006595b9c2c19ea072631c",
      "from": "myserver@github:sanjanadmd/myServer"
    }
  }
}